
Microsoft Visual Studio Solution File, Format Version 12.00
# Visual Studio Version 17
VisualStudioVersion = 17.10.35027.167
MinimumVisualStudioVersion = 10.0.40219.1
Project("{9A19103F-16F7-4668-BE54-9A1E7A4F7556}") = "TracePlayer.API", "TracePlayer.API\TracePlayer.API.csproj", "{70D28524-7F41-441E-90C4-84DF530909FF}"
EndProject
Project("{9A19103F-16F7-4668-BE54-9A1E7A4F7556}") = "TracePlayer.DB", "TracePlayer.DB\TracePlayer.DB.csproj", "{7D864AE6-42F2-4E1B-8DA2-6BEB572AA8F0}"
EndProject
Project("{9A19103F-16F7-4668-BE54-9A1E7A4F7556}") = "TracePlayer.BL", "TracePlayer.BL\TracePlayer.BL.csproj", "{FBCE4B0A-3EB0-4A2A-92D2-B988644E20CC}"
	ProjectSection(ProjectDependencies) = postProject
		{7D864AE6-42F2-4E1B-8DA2-6BEB572AA8F0} = {7D864AE6-42F2-4E1B-8DA2-6BEB572AA8F0}
	EndProjectSection
EndProject
Project("{9A19103F-16F7-4668-BE54-9A1E7A4F7556}") = "TracePlayer.Contracts", "TracePlayer.Contracts\TracePlayer.Contracts.csproj", "{2FF358F2-7763-406D-ACF0-273A2F7221E6}"
EndProject
Global
	GlobalSection(SolutionConfigurationPlatforms) = preSolution
		Debug|Any CPU = Debug|Any CPU
		Release|Any CPU = Release|Any CPU
	EndGlobalSection
	GlobalSection(ProjectConfigurationPlatforms) = postSolution
		{70D28524-7F41-441E-90C4-84DF530909FF}.Debug|Any CPU.ActiveCfg = Debug|Any CPU
		{70D28524-7F41-441E-90C4-84DF530909FF}.Debug|Any CPU.Build.0 = Debug|Any CPU
		{70D28524-7F41-441E-90C4-84DF530909FF}.Release|Any CPU.ActiveCfg = Release|Any CPU
		{70D28524-7F41-441E-90C4-84DF530909FF}.Release|Any CPU.Build.0 = Release|Any CPU
		{7D864AE6-42F2-4E1B-8DA2-6BEB572AA8F0}.Debug|Any CPU.ActiveCfg = Debug|Any CPU
		{7D864AE6-42F2-4E1B-8DA2-6BEB572AA8F0}.Debug|Any CPU.Build.0 = Debug|Any CPU
		{7D864AE6-42F2-4E1B-8DA2-6BEB572AA8F0}.Release|Any CPU.ActiveCfg = Release|Any CPU
		{7D864AE6-42F2-4E1B-8DA2-6BEB572AA8F0}.Release|Any CPU.Build.0 = Release|Any CPU
		{FBCE4B0A-3EB0-4A2A-92D2-B988644E20CC}.Debug|Any CPU.ActiveCfg = Debug|Any CPU
		{FBCE4B0A-3EB0-4A2A-92D2-B988644E20CC}.Debug|Any CPU.Build.0 = Debug|Any CPU
		{FBCE4B0A-3EB0-4A2A-92D2-B988644E20CC}.Release|Any CPU.ActiveCfg = Release|Any CPU
		{FBCE4B0A-3EB0-4A2A-92D2-B988644E20CC}.Release|Any CPU.Build.0 = Release|Any CPU
		{2FF358F2-7763-406D-ACF0-273A2F7221E6}.Debug|Any CPU.ActiveCfg = Debug|Any CPU
		{2FF358F2-7763-406D-ACF0-273A2F7221E6}.Debug|Any CPU.Build.0 = Debug|Any CPU
		{2FF358F2-7763-406D-ACF0-273A2F7221E6}.Release|Any CPU.ActiveCfg = Release|Any CPU
		{2FF358F2-7763-406D-ACF0-273A2F7221E6}.Release|Any CPU.Build.0 = Release|Any CPU
	EndGlobalSection
	GlobalSection(SolutionProperties) = preSolution
		HideSolutionNode = FALSE
	EndGlobalSection
	GlobalSection(ExtensibilityGlobals) = postSolution
		SolutionGuid = {C152BAA3-A7AE-4D90-85BD-6700D82F6C38}
	EndGlobalSection
EndGlobal
